# This file is automatically @generated by Poetry 1.5.1 and should not be changed by hand.

[[package]]
name = "frmb"
version = "1.0.0"
description = "Convert file structures to right-click context menu for Windows."
optional = false
python-versions = "^3.10"
files = []
develop = false

[package.source]
type = "git"
url = "https://github.com/MrLixm/frmb.git"
reference = "main"
resolved_reference = "d659c8eb378efa1e33822b62bb4893d314889d2c"

[metadata]
lock-version = "2.0"
python-versions = "^3.10"
content-hash = "50d4e865b245c7e04f339f2b97ea9db583ce9d0110c3968f6998ae8f1ee849a2"
